
Microsoft Visual Studio Solution File, Format Version 12.00
# Visual Studio 15
VisualStudioVersion = 15.0.28010.2048
MinimumVisualStudioVersion = 10.0.40219.1
Project("{2150E333-8FDC-42A3-9474-1A3956D46DE8}") = "src", "src", "{50F7FC06-F2C6-4E90-8204-FDE1EEB4917E}"
EndProject
Project("{2150E333-8FDC-42A3-9474-1A3956D46DE8}") = "test", "test", "{443B6813-8C47-48A3-B1AD-FB505E7FA34D}"
EndProject
Project("{2150E333-8FDC-42A3-9474-1A3956D46DE8}") = "Core", "Core", "{0C6EEE0F-8F46-4FE8-A274-03B860DB6419}"
EndProject
Project("{2150E333-8FDC-42A3-9474-1A3956D46DE8}") = "Infrastructure", "Infrastructure", "{7A3E8A16-11FB-4C43-A690-87C7F69F4D51}"
EndProject
Project("{2150E333-8FDC-42A3-9474-1A3956D46DE8}") = "UI", "UI", "{E292A3E9-F099-46E4-B465-DF5AF2CD3683}"
EndProject
Project("{FAE04EC0-301F-11D3-BF4B-00C04F79EFBC}") = "Core.Model", "src\Core\Core.Model\Core.Model.csproj", "{FFDD2DBD-78C2-49D2-8A95-1B50C6696AF0}"
EndProject
Project("{FAE04EC0-301F-11D3-BF4B-00C04F79EFBC}") = "Core.Util", "src\Core\Core.Util\Core.Util.csproj", "{D163D9FB-BF76-4074-956A-E793F7CCCD8D}"
EndProject
Project("{FAE04EC0-301F-11D3-BF4B-00C04F79EFBC}") = "Test.Core", "test\Test.Core\Test.Core.csproj", "{4232444C-1A39-4224-AA3E-41F9B30B089D}"
EndProject
Project("{FAE04EC0-301F-11D3-BF4B-00C04F79EFBC}") = "Infrastructure.DataConnector", "src\Infrastructure\Infrastructure.DataConnector\Infrastructure.DataConnector.csproj", "{80DE771F-8086-4933-864D-88C75BC34CBD}"
EndProject
Project("{FAE04EC0-301F-11D3-BF4B-00C04F79EFBC}") = "Test.Infrastructure", "test\Test.Infrastructure\Test.Infrastructure.csproj", "{8E2BEB9E-D8FF-4211-952C-1443742E45E1}"
EndProject
Project("{2150E333-8FDC-42A3-9474-1A3956D46DE8}") = "Win", "Win", "{75FB38CA-EF7E-4E8C-BFC7-47434C87583C}"
EndProject
Project("{FAE04EC0-301F-11D3-BF4B-00C04F79EFBC}") = "UI.Win.DataPresenter", "src\UI\Win\UI.Win.DataPresenter\UI.Win.DataPresenter.csproj", "{A2B0326D-7ED4-4001-A3DA-B4BEC0BD50F6}"
EndProject
Project("{2150E333-8FDC-42A3-9474-1A3956D46DE8}") = "Provider", "Provider", "{646C9B86-A664-4A79-B2BA-FDE406B3A1AB}"
EndProject
Project("{FAE04EC0-301F-11D3-BF4B-00C04F79EFBC}") = "Provider.Subscription", "src\Provider\Provider.Subscription\Provider.Subscription.csproj", "{4A60136C-7030-48A1-96EE-1FA4FC4AEAE8}"
EndProject
Project("{FAE04EC0-301F-11D3-BF4B-00C04F79EFBC}") = "Test.Provider", "test\Test.Provider\Test.Provider.csproj", "{DBDA812C-A47A-49CC-838A-21420F4A0AA3}"
EndProject
Global
	GlobalSection(SolutionConfigurationPlatforms) = preSolution
		Debug|Any CPU = Debug|Any CPU
		Release|Any CPU = Release|Any CPU
	EndGlobalSection
	GlobalSection(ProjectConfigurationPlatforms) = postSolution
		{FFDD2DBD-78C2-49D2-8A95-1B50C6696AF0}.Debug|Any CPU.ActiveCfg = Debug|Any CPU
		{FFDD2DBD-78C2-49D2-8A95-1B50C6696AF0}.Debug|Any CPU.Build.0 = Debug|Any CPU
		{FFDD2DBD-78C2-49D2-8A95-1B50C6696AF0}.Release|Any CPU.ActiveCfg = Release|Any CPU
		{FFDD2DBD-78C2-49D2-8A95-1B50C6696AF0}.Release|Any CPU.Build.0 = Release|Any CPU
		{D163D9FB-BF76-4074-956A-E793F7CCCD8D}.Debug|Any CPU.ActiveCfg = Debug|Any CPU
		{D163D9FB-BF76-4074-956A-E793F7CCCD8D}.Debug|Any CPU.Build.0 = Debug|Any CPU
		{D163D9FB-BF76-4074-956A-E793F7CCCD8D}.Release|Any CPU.ActiveCfg = Release|Any CPU
		{D163D9FB-BF76-4074-956A-E793F7CCCD8D}.Release|Any CPU.Build.0 = Release|Any CPU
		{4232444C-1A39-4224-AA3E-41F9B30B089D}.Debug|Any CPU.ActiveCfg = Debug|Any CPU
		{4232444C-1A39-4224-AA3E-41F9B30B089D}.Debug|Any CPU.Build.0 = Debug|Any CPU
		{4232444C-1A39-4224-AA3E-41F9B30B089D}.Release|Any CPU.ActiveCfg = Release|Any CPU
		{4232444C-1A39-4224-AA3E-41F9B30B089D}.Release|Any CPU.Build.0 = Release|Any CPU
		{80DE771F-8086-4933-864D-88C75BC34CBD}.Debug|Any CPU.ActiveCfg = Debug|Any CPU
		{80DE771F-8086-4933-864D-88C75BC34CBD}.Debug|Any CPU.Build.0 = Debug|Any CPU
		{80DE771F-8086-4933-864D-88C75BC34CBD}.Release|Any CPU.ActiveCfg = Release|Any CPU
		{80DE771F-8086-4933-864D-88C75BC34CBD}.Release|Any CPU.Build.0 = Release|Any CPU
		{8E2BEB9E-D8FF-4211-952C-1443742E45E1}.Debug|Any CPU.ActiveCfg = Debug|Any CPU
		{8E2BEB9E-D8FF-4211-952C-1443742E45E1}.Debug|Any CPU.Build.0 = Debug|Any CPU
		{8E2BEB9E-D8FF-4211-952C-1443742E45E1}.Release|Any CPU.ActiveCfg = Release|Any CPU
		{8E2BEB9E-D8FF-4211-952C-1443742E45E1}.Release|Any CPU.Build.0 = Release|Any CPU
		{A2B0326D-7ED4-4001-A3DA-B4BEC0BD50F6}.Debug|Any CPU.ActiveCfg = Debug|Any CPU
		{A2B0326D-7ED4-4001-A3DA-B4BEC0BD50F6}.Debug|Any CPU.Build.0 = Debug|Any CPU
		{A2B0326D-7ED4-4001-A3DA-B4BEC0BD50F6}.Release|Any CPU.ActiveCfg = Release|Any CPU
		{A2B0326D-7ED4-4001-A3DA-B4BEC0BD50F6}.Release|Any CPU.Build.0 = Release|Any CPU
		{4A60136C-7030-48A1-96EE-1FA4FC4AEAE8}.Debug|Any CPU.ActiveCfg = Debug|Any CPU
		{4A60136C-7030-48A1-96EE-1FA4FC4AEAE8}.Debug|Any CPU.Build.0 = Debug|Any CPU
		{4A60136C-7030-48A1-96EE-1FA4FC4AEAE8}.Release|Any CPU.ActiveCfg = Release|Any CPU
		{4A60136C-7030-48A1-96EE-1FA4FC4AEAE8}.Release|Any CPU.Build.0 = Release|Any CPU
		{DBDA812C-A47A-49CC-838A-21420F4A0AA3}.Debug|Any CPU.ActiveCfg = Debug|Any CPU
		{DBDA812C-A47A-49CC-838A-21420F4A0AA3}.Debug|Any CPU.Build.0 = Debug|Any CPU
		{DBDA812C-A47A-49CC-838A-21420F4A0AA3}.Release|Any CPU.ActiveCfg = Release|Any CPU
		{DBDA812C-A47A-49CC-838A-21420F4A0AA3}.Release|Any CPU.Build.0 = Release|Any CPU
	EndGlobalSection
	GlobalSection(SolutionProperties) = preSolution
		HideSolutionNode = FALSE
	EndGlobalSection
	GlobalSection(NestedProjects) = preSolution
		{0C6EEE0F-8F46-4FE8-A274-03B860DB6419} = {50F7FC06-F2C6-4E90-8204-FDE1EEB4917E}
		{7A3E8A16-11FB-4C43-A690-87C7F69F4D51} = {50F7FC06-F2C6-4E90-8204-FDE1EEB4917E}
		{E292A3E9-F099-46E4-B465-DF5AF2CD3683} = {50F7FC06-F2C6-4E90-8204-FDE1EEB4917E}
		{FFDD2DBD-78C2-49D2-8A95-1B50C6696AF0} = {0C6EEE0F-8F46-4FE8-A274-03B860DB6419}
		{D163D9FB-BF76-4074-956A-E793F7CCCD8D} = {0C6EEE0F-8F46-4FE8-A274-03B860DB6419}
		{4232444C-1A39-4224-AA3E-41F9B30B089D} = {443B6813-8C47-48A3-B1AD-FB505E7FA34D}
		{80DE771F-8086-4933-864D-88C75BC34CBD} = {7A3E8A16-11FB-4C43-A690-87C7F69F4D51}
		{8E2BEB9E-D8FF-4211-952C-1443742E45E1} = {443B6813-8C47-48A3-B1AD-FB505E7FA34D}
		{75FB38CA-EF7E-4E8C-BFC7-47434C87583C} = {E292A3E9-F099-46E4-B465-DF5AF2CD3683}
		{A2B0326D-7ED4-4001-A3DA-B4BEC0BD50F6} = {75FB38CA-EF7E-4E8C-BFC7-47434C87583C}
		{646C9B86-A664-4A79-B2BA-FDE406B3A1AB} = {50F7FC06-F2C6-4E90-8204-FDE1EEB4917E}
		{4A60136C-7030-48A1-96EE-1FA4FC4AEAE8} = {646C9B86-A664-4A79-B2BA-FDE406B3A1AB}
		{DBDA812C-A47A-49CC-838A-21420F4A0AA3} = {443B6813-8C47-48A3-B1AD-FB505E7FA34D}
	EndGlobalSection
	GlobalSection(ExtensibilityGlobals) = postSolution
		SolutionGuid = {78833AAF-8F18-4A68-BEA0-8F1F2FB39D85}
	EndGlobalSection
EndGlobal
